// !$*UTF8*$!
{
	archiveVersion = 1;
	classes = {
	};
	objectVersion = 46;
	objects = {

/* Begin PBXBuildFile section */
		F0EA0DA01A29796400AFB79D /* AppDelegate.m in Sources */ = {isa = PBXBuildFile; fileRef = F0EA0D9F1A29796400AFB79D /* AppDelegate.m */; };
		F0EA0DA21A29796400AFB79D /* main.m in Sources */ = {isa = PBXBuildFile; fileRef = F0EA0DA11A29796400AFB79D /* main.m */; };
		F0EA0DA51A29796400AFB79D /* ViewController.m in Sources */ = {isa = PBXBuildFile; fileRef = F0EA0DA41A29796400AFB79D /* ViewController.m */; };
		F0EA0DA71A29796400AFB79D /* Images.xcassets in Resources */ = {isa = PBXBuildFile; fileRef = F0EA0DA61A29796400AFB79D /* Images.xcassets */; };
		F0EA0DAA1A29796400AFB79D /* Main.storyboard in Resources */ = {isa = PBXBuildFile; fileRef = F0EA0DA81A29796400AFB79D /* Main.storyboard */; };
		F0EA0DB61A29796400AFB79D /* ExTBatchFileTests.m in Sources */ = {isa = PBXBuildFile; fileRef = F0EA0DB51A29796400AFB79D /* ExTBatchFileTests.m */; };
/* End PBXBuildFile section */

/* Begin PBXContainerItemProxy section */
		F0EA0DB01A29796400AFB79D /* PBXContainerItemProxy */ = {
			isa = PBXContainerItemProxy;
			containerPortal = F0EA0D911A29796400AFB79D /* Project object */;
			proxyType = 1;
			remoteGlobalIDString = F0EA0D981A29796400AFB79D;
			remoteInfo = ExTBatchFile;
		};
/* End PBXContainerItemProxy section */

/* Begin PBXFileReference section */
		F0EA0D991A29796400AFB79D /* ExTBatchFile.app */ = {isa = PBXFileReference; explicitFileType = wrapper.application; includeInIndex = 0; path = ExTBatchFile.app; sourceTree = BUILT_PRODUCTS_DIR; };
		F0EA0D9D1A29796400AFB79D /* Info.plist */ = {isa = PBXFileReference; lastKnownFileType = text.plist.xml; path = Info.plist; sourceTree = "<group>"; };
		F0EA0D9E1A29796400AFB79D /* AppDelegate.h */ = {isa = PBXFileReference; lastKnownFileType = sourcecode.c.h; path = AppDelegate.h; sourceTree = "<group>"; };
		F0EA0D9F1A29796400AFB79D /* AppDelegate.m */ = {isa = PBXFileReference; lastKnownFileType = sourcecode.c.objc; path = AppDelegate.m; sourceTree = "<group>"; };
		F0EA0DA11A29796400AFB79D /* main.m */ = {isa = PBXFileReference; lastKnownFileType = sourcecode.c.objc; path = main.m; sourceTree = "<group>"; };
		F0EA0DA31A29796400AFB79D /* ViewController.h */ = {isa = PBXFileReference; lastKnownFileType = sourcecode.c.h; path = ViewController.h; sourceTree = "<group>"; };
		F0EA0DA41A29796400AFB79D /* ViewController.m */ = {isa = PBXFileReference; lastKnownFileType = sourcecode.c.objc; path = ViewController.m; sourceTree = "<group>"; };
		F0EA0DA61A29796400AFB79D /* Images.xcassets */ = {isa = PBXFileReference; lastKnownFileType = folder.assetcatalog; path = Images.xcassets; sourceTree = "<group>"; };
		F0EA0DA91A29796400AFB79D /* Base */ = {isa = PBXFileReference; lastKnownFileType = file.storyboard; name = Base; path = Base.lproj/Main.storyboard; sourceTree = "<group>"; };
		F0EA0DAF1A29796400AFB79D /* ExTBatchFileTests.xctest */ = {isa = PBXFileReference; explicitFileType = wrapper.cfbundle; includeInIndex = 0; path = ExTBatchFileTests.xctest; sourceTree = BUILT_PRODUCTS_DIR; };
		F0EA0DB41A29796400AFB79D /* Info.plist */ = {isa = PBXFileReference; lastKnownFileType = text.plist.xml; path = Info.plist; sourceTree = "<group>"; };
		F0EA0DB51A29796400AFB79D /* ExTBatchFileTests.m */ = {isa = PBXFileReference; lastKnownFileType = sourcecode.c.objc; path = ExTBatchFileTests.m; sourceTree = "<group>"; };
/* End PBXFileReference section */

/* Begin PBXFrameworksBuildPhase section */
		F0EA0D961A29796400AFB79D /* Frameworks */ = {
			isa = PBXFrameworksBuildPhase;
			buildActionMask = 2147483647;
			files = (
			);
			runOnlyForDeploymentPostprocessing = 0;
		};
		F0EA0DAC1A29796400AFB79D /* Frameworks */ = {
			isa = PBXFrameworksBuildPhase;
			buildActionMask = 2147483647;
			files = (
			);
			runOnlyForDeploymentPostprocessing = 0;
		};
/* End PBXFrameworksBuildPhase section */

/* Begin PBXGroup section */
		F0EA0D901A29796400AFB79D = {
			isa = PBXGroup;
			children = (
				F0EA0D9B1A29796400AFB79D /* ExTBatchFile */,
				F0EA0DB21A29796400AFB79D /* ExTBatchFileTests */,
				F0EA0D9A1A29796400AFB79D /* Products */,
			);
			sourceTree = "<group>";
		};
		F0EA0D9A1A29796400AFB79D /* Products */ = {
			isa = PBXGroup;
			children = (
				F0EA0D991A29796400AFB79D /* ExTBatchFile.app */,
				F0EA0DAF1A29796400AFB79D /* ExTBatchFileTests.xctest */,
			);
			name = Products;
			sourceTree = "<group>";
		};
		F0EA0D9B1A29796400AFB79D /* ExTBatchFile */ = {
			isa = PBXGroup;
			children = (
				F0EA0D9E1A29796400AFB79D /* AppDelegate.h */,
				F0EA0D9F1A29796400AFB79D /* AppDelegate.m */,
				F0EA0DA31A29796400AFB79D /* ViewController.h */,
				F0EA0DA41A29796400AFB79D /* ViewController.m */,
				F0EA0DA61A29796400AFB79D /* Images.xcassets */,
				F0EA0DA81A29796400AFB79D /* Main.storyboard */,
				F0EA0D9C1A29796400AFB79D /* Supporting Files */,
			);
			path = ExTBatchFile;
			sourceTree = "<group>";
		};
		F0EA0D9C1A29796400AFB79D /* Supporting Files */ = {
			isa = PBXGroup;
			children = (
				F0EA0D9D1A29796400AFB79D /* Info.plist */,
				F0EA0DA11A29796400AFB79D /* main.m */,
			);
			name = "Supporting Files";
			sourceTree = "<group>";
		};
		F0EA0DB21A29796400AFB79D /* ExTBatchFileTests */ = {
			isa = PBXGroup;
			children = (
				F0EA0DB51A29796400AFB79D /* ExTBatchFileTests.m */,
				F0EA0DB31A29796400AFB79D /* Supporting Files */,
			);
			path = ExTBatchFileTests;
			sourceTree = "<group>";
		};
		F0EA0DB31A29796400AFB79D /* Supporting Files */ = {
			isa = PBXGroup;
			children = (
				F0EA0DB41A29796400AFB79D /* Info.plist */,
			);
			name = "Supporting Files";
			sourceTree = "<group>";
		};
/* End PBXGroup section */

/* Begin PBXNativeTarget section */
		F0EA0D981A29796400AFB79D /* ExTBatchFile */ = {
			isa = PBXNativeTarget;
			buildConfigurationList = F0EA0DB91A29796400AFB79D /* Build configuration list for PBXNativeTarget "ExTBatchFile" */;
			buildPhases = (
				F0EA0D951A29796400AFB79D /* Sources */,
				F0EA0D961A29796400AFB79D /* Frameworks */,
				F0EA0D971A29796400AFB79D /* Resources */,
			);
			buildRules = (
			);
			dependencies = (
			);
			name = ExTBatchFile;
			productName = ExTBatchFile;
			productReference = F0EA0D991A29796400AFB79D /* ExTBatchFile.app */;
			productType = "com.apple.product-type.application";
		};
		F0EA0DAE1A29796400AFB79D /* ExTBatchFileTests */ = {
			isa = PBXNativeTarget;
			buildConfigurationList = F0EA0DBC1A29796400AFB79D /* Build configuration list for PBXNativeTarget "ExTBatchFileTests" */;
			buildPhases = (
				F0EA0DAB1A29796400AFB79D /* Sources */,
				F0EA0DAC1A29796400AFB79D /* Frameworks */,
				F0EA0DAD1A29796400AFB79D /* Resources */,
			);
			buildRules = (
			);
			dependencies = (
				F0EA0DB11A29796400AFB79D /* PBXTargetDependency */,
			);
			name = ExTBatchFileTests;
			productName = ExTBatchFileTests;
			productReference = F0EA0DAF1A29796400AFB79D /* ExTBatchFileTests.xctest */;
			productType = "com.apple.product-type.bundle.unit-test";
		};
/* End PBXNativeTarget section */

/* Begin PBXProject section */
		F0EA0D911A29796400AFB79D /* Project object */ = {
			isa = PBXProject;
			attributes = {
				LastUpgradeCheck = 0610;
				ORGANIZATIONNAME = TANPN;
				TargetAttributes = {
					F0EA0D981A29796400AFB79D = {
						CreatedOnToolsVersion = 6.1;
					};
					F0EA0DAE1A29796400AFB79D = {
						CreatedOnToolsVersion = 6.1;
						TestTargetID = F0EA0D981A29796400AFB79D;
					};
				};
			};
			buildConfigurationList = F0EA0D941A29796400AFB79D /* Build configuration list for PBXProject "ExTBatchFile" */;
			compatibilityVersion = "Xcode 3.2";
			developmentRegion = English;
			hasScannedForEncodings = 0;
			knownRegions = (
				en,
				Base,
			);
			mainGroup = F0EA0D901A29796400AFB79D;
			productRefGroup = F0EA0D9A1A29796400AFB79D /* Products */;
			projectDirPath = "";
			projectRoot = "";
			targets = (
				F0EA0D981A29796400AFB79D /* ExTBatchFile */,
				F0EA0DAE1A29796400AFB79D /* ExTBatchFileTests */,
			);
		};
/* End PBXProject section */

/* Begin PBXResourcesBuildPhase section */
		F0EA0D971A29796400AFB79D /* Resources */ = {
			isa = PBXResourcesBuildPhase;
			buildActionMask = 2147483647;
			files = (
				F0EA0DA71A29796400AFB79D /* Images.xcassets in Resources */,
				F0EA0DAA1A29796400AFB79D /* Main.storyboard in Resources */,
			);
			runOnlyForDeploymentPostprocessing = 0;
		};
		F0EA0DAD1A29796400AFB79D /* Resources */ = {
			isa = PBXResourcesBuildPhase;
			buildActionMask = 2147483647;
			files = (
			);
			runOnlyForDeploymentPostprocessing = 0;
		};
/* End PBXResourcesBuildPhase section */

/* Begin PBXSourcesBuildPhase section */
		F0EA0D951A29796400AFB79D /* Sources */ = {
			isa = PBXSourcesBuildPhase;
			buildActionMask = 2147483647;
			files = (
				F0EA0DA51A29796400AFB79D /* ViewController.m in Sources */,
				F0EA0DA21A29796400AFB79D /* main.m in Sources */,
				F0EA0DA01A29796400AFB79D /* AppDelegate.m in Sources */,
			);
			runOnlyForDeploymentPostprocessing = 0;
		};
		F0EA0DAB1A29796400AFB79D /* Sources */ = {
			isa = PBXSourcesBuildPhase;
			buildActionMask = 2147483647;
			files = (
				F0EA0DB61A29796400AFB79D /* ExTBatchFileTests.m in Sources */,
			);
			runOnlyForDeploymentPostprocessing = 0;
		};
/* End PBXSourcesBuildPhase section */

/* Begin PBXTargetDependency section */
		F0EA0DB11A29796400AFB79D /* PBXTargetDependency */ = {
			isa = PBXTargetDependency;
			target = F0EA0D981A29796400AFB79D /* ExTBatchFile */;
			targetProxy = F0EA0DB01A29796400AFB79D /* PBXContainerItemProxy */;
		};
/* End PBXTargetDependency section */

/* Begin PBXVariantGroup section */
		F0EA0DA81A29796400AFB79D /* Main.storyboard */ = {
			isa = PBXVariantGroup;
			children = (
				F0EA0DA91A29796400AFB79D /* Base */,
			);
			name = Main.storyboard;
			sourceTree = "<group>";
		};
/* End PBXVariantGroup section */

/* Begin XCBuildConfiguration section */
		F0EA0DB71A29796400AFB79D /* Debug */ = {
			isa = XCBuildConfiguration;
			buildSettings = {
				ALWAYS_SEARCH_USER_PATHS = NO;
				CLANG_CXX_LANGUAGE_STANDARD = "gnu++0x";
				CLANG_CXX_LIBRARY = "libc++";
				CLANG_ENABLE_MODULES = YES;
				CLANG_ENABLE_OBJC_ARC = YES;
				CLANG_WARN_BOOL_CONVERSION = YES;
				CLANG_WARN_CONSTANT_CONVERSION = YES;
				CLANG_WARN_DIRECT_OBJC_ISA_USAGE = YES_ERROR;
				CLANG_WARN_EMPTY_BODY = YES;
				CLANG_WARN_ENUM_CONVERSION = YES;
				CLANG_WARN_INT_CONVERSION = YES;
				CLANG_WARN_OBJC_ROOT_CLASS = YES_ERROR;
				CLANG_WARN_UNREACHABLE_CODE = YES;
				CLANG_WARN__DUPLICATE_METHOD_MATCH = YES;
				CODE_SIGN_IDENTITY = "-";
				COPY_PHASE_STRIP = NO;
				ENABLE_STRICT_OBJC_MSGSEND = YES;
				GCC_C_LANGUAGE_STANDARD = gnu99;
				GCC_DYNAMIC_NO_PIC = NO;
				GCC_OPTIMIZATION_LEVEL = 0;
				GCC_PREPROCESSOR_DEFINITIONS = (
					"DEBUG=1",
					"$(inherited)",
				);
				GCC_SYMBOLS_PRIVATE_EXTERN = NO;
				GCC_WARN_64_TO_32_BIT_CONVERSION = YES;
				GCC_WARN_ABOUT_RETURN_TYPE = YES_ERROR;
				GCC_WARN_UNDECLARED_SELECTOR = YES;
				GCC_WARN_UNINITIALIZED_AUTOS = YES_AGGRESSIVE;
				GCC_WARN_UNUSED_FUNCTION = YES;
				GCC_WARN_UNUSED_VARIABLE = YES;
				MACOSX_DEPLOYMENT_TARGET = 10.10;
				MTL_ENABLE_DEBUG_INFO = YES;
				ONLY_ACTIVE_ARCH = YES;
				SDKROOT = macosx;
			};
			name = Debug;
		};
		F0EA0DB81A29796400AFB79D /* Release */ = {
			isa = XCBuildConfiguration;
			buildSettings = {
				ALWAYS_SEARCH_USER_PATHS = NO;
				CLANG_CXX_LANGUAGE_STANDARD = "gnu++0x";
				CLANG_CXX_LIBRARY = "libc++";
				CLANG_ENABLE_MODULES = YES;
				CLANG_ENABLE_OBJC_ARC = YES;
				CLANG_WARN_BOOL_CONVERSION = YES;
				CLANG_WARN_CONSTANT_CONVERSION = YES;
				CLANG_WARN_DIRECT_OBJC_ISA_USAGE = YES_ERROR;
				CLANG_WARN_EMPTY_BODY = YES;
				CLANG_WARN_ENUM_CONVERSION = YES;
				CLANG_WARN_INT_CONVERSION = YES;
				CLANG_WARN_OBJC_ROOT_CLASS = YES_ERROR;
				CLANG_WARN_UNREACHABLE_CODE = YES;
				CLANG_WARN__DUPLICATE_METHOD_MATCH = YES;
				CODE_SIGN_IDENTITY = "-";
				COPY_PHASE_STRIP = YES;
				DEBUG_INFORMATION_FORMAT = "dwarf-with-dsym";
				ENABLE_NS_ASSERTIONS = NO;
				ENABLE_STRICT_OBJC_MSGSEND = YES;
				GCC_C_LANGUAGE_STANDARD = gnu99;
				GCC_WARN_64_TO_32_BIT_CONVERSION = YES;
				GCC_WARN_ABOUT_RETURN_TYPE = YES_ERROR;
				GCC_WARN_UNDECLARED_SELECTOR = YES;
				GCC_WARN_UNINITIALIZED_AUTOS = YES_AGGRESSIVE;
				GCC_WARN_UNUSED_FUNCTION = YES;
				GCC_WARN_UNUSED_VARIABLE = YES;
				MACOSX_DEPLOYMENT_TARGET = 10.10;
				MTL_ENABLE_DEBUG_INFO = NO;
				SDKROOT = macosx;
			};
			name = Release;
		};
		F0EA0DBA1A29796400AFB79D /* Debug */ = {
			isa = XCBuildConfiguration;
			buildSettings = {
				ASSETCATALOG_COMPILER_APPICON_NAME = AppIcon;
				COMBINE_HIDPI_IMAGES = YES;
				INFOPLIST_FILE = ExTBatchFile/Info.plist;
				LD_RUNPATH_SEARCH_PATHS = "$(inherited) @executable_path/../Frameworks";
				PRODUCT_NAME = "$(TARGET_NAME)";
			};
			name = Debug;
		};
		F0EA0DBB1A29796400AFB79D /* Release */ = {
			isa = XCBuildConfiguration;
			buildSettings = {
				ASSETCATALOG_COMPILER_APPICON_NAME = AppIcon;
				COMBINE_HIDPI_IMAGES = YES;
				INFOPLIST_FILE = ExTBatchFile/Info.plist;
				LD_RUNPATH_SEARCH_PATHS = "$(inherited) @executable_path/../Frameworks";
				PRODUCT_NAME = "$(TARGET_NAME)";
			};
			name = Release;
		};
		F0EA0DBD1A29796400AFB79D /* Debug */ = {
			isa = XCBuildConfiguration;
			buildSettings = {
				BUNDLE_LOADER = "$(TEST_HOST)";
				COMBINE_HIDPI_IMAGES = YES;
				FRAMEWORK_SEARCH_PATHS = (
					"$(DEVELOPER_FRAMEWORKS_DIR)",
					"$(inherited)",
				);
				GCC_PREPROCESSOR_DEFINITIONS = (
					"DEBUG=1",
					"$(inherited)",
				);
				INFOPLIST_FILE = ExTBatchFileTests/Info.plist;
				LD_RUNPATH_SEARCH_PATHS = "$(inherited) @executable_path/../Frameworks @loader_path/../Frameworks";
				PRODUCT_NAME = "$(TARGET_NAME)";
				TEST_HOST = "$(BUILT_PRODUCTS_DIR)/ExTBatchFile.app/Contents/MacOS/ExTBatchFile";
			};
			name = Debug;
		};
		F0EA0DBE1A29796400AFB79D /* Release */ = {
			isa = XCBuildConfiguration;
			buildSettings = {
				BUNDLE_LOADER = "$(TEST_HOST)";
				COMBINE_HIDPI_IMAGES = YES;
				FRAMEWORK_SEARCH_PATHS = (
					"$(DEVELOPER_FRAMEWORKS_DIR)",
					"$(inherited)",
				);
				INFOPLIST_FILE = ExTBatchFileTests/Info.plist;
				LD_RUNPATH_SEARCH_PATHS = "$(inherited) @executable_path/../Frameworks @loader_path/../Frameworks";
				PRODUCT_NAME = "$(TARGET_NAME)";
				TEST_HOST = "$(BUILT_PRODUCTS_DIR)/ExTBatchFile.app/Contents/MacOS/ExTBatchFile";
			};
			name = Release;
		};
/* End XCBuildConfiguration section */

/* Begin XCConfigurationList section */
		F0EA0D941A29796400AFB79D /* Build configuration list for PBXProject "ExTBatchFile" */ = {
			isa = XCConfigurationList;
			buildConfigurations = (
				F0EA0DB71A29796400AFB79D /* Debug */,
				F0EA0DB81A29796400AFB79D /* Release */,
			);
			defaultConfigurationIsVisible = 0;
			defaultConfigurationName = Release;
		};
		F0EA0DB91A29796400AFB79D /* Build configuration list for PBXNativeTarget "ExTBatchFile" */ = {
			isa = XCConfigurationList;
			buildConfigurations = (
				F0EA0DBA1A29796400AFB79D /* Debug */,
				F0EA0DBB1A29796400AFB79D /* Release */,
			);
			defaultConfigurationIsVisible = 0;
		};
		F0EA0DBC1A29796400AFB79D /* Build configuration list for PBXNativeTarget "ExTBatchFileTests" */ = {
			isa = XCConfigurationList;
			buildConfigurations = (
				F0EA0DBD1A29796400AFB79D /* Debug */,
				F0EA0DBE1A29796400AFB79D /* Release */,
			);
			defaultConfigurationIsVisible = 0;
		};
/* End XCConfigurationList section */
	};
	rootObject = F0EA0D911A29796400AFB79D /* Project object */;
}
